
Microsoft Visual Studio Solution File, Format Version 12.00
Project("{2150E333-8FDC-42A3-9474-1A3956D46DE8}") = "Documentation", "Documentation", "{B596CD58-1D05-4689-BDF2-0AAEB7DD7131}"
	ProjectSection(SolutionItems) = preProject
		Doumentation\abstract-domain-model.svg = Doumentation\abstract-domain-model.svg
		Doumentation\GroupMembers.md = Doumentation\GroupMembers.md
	EndProjectSection
EndProject
Project("{2150E333-8FDC-42A3-9474-1A3956D46DE8}") = "src", "src", "{C4AE4E51-0927-4726-808E-EEE3F1C47845}"
EndProject
Project("{2150E333-8FDC-42A3-9474-1A3956D46DE8}") = "Core", "Core", "{3E7D4C64-2778-4821-A8A2-2FCCB2FAD57F}"
EndProject
Project("{2150E333-8FDC-42A3-9474-1A3956D46DE8}") = "Tools", "Tools", "{9B78E032-6AFD-41CB-8BCA-32894E184303}"
EndProject
Project("{FAE04EC0-301F-11D3-BF4B-00C04F79EFBC}") = "EventAssociation.Core.Tools.OperationResult", "src\Core\Tools\EventAssociation.Core.Tools.OperationResult\EventAssociation.Core.Tools.OperationResult.csproj", "{06703580-EC31-4E71-B05E-78BA9B7A63A8}"
EndProject
Project("{FAE04EC0-301F-11D3-BF4B-00C04F79EFBC}") = "ConsoleApp1", "ConsoleApp1\ConsoleApp1.csproj", "{9E95D440-87B8-46FA-8544-4C6362AE8C4A}"
EndProject
Project("{2150E333-8FDC-42A3-9474-1A3956D46DE8}") = "Tests", "Tests", "{328F2B5E-C910-4563-AAFA-69FFD24774E6}"
EndProject
Project("{FAE04EC0-301F-11D3-BF4B-00C04F79EFBC}") = "UnitTests", "Tests\UnitTests\UnitTests.csproj", "{1295B8D3-6805-4A60-B935-EC6117068E77}"
EndProject
Project("{2150E333-8FDC-42A3-9474-1A3956D46DE8}") = "Domain", "Domain", "{1833BC9B-89DB-48F4-A775-5D7CCE7DD114}"
EndProject
Project("{FAE04EC0-301F-11D3-BF4B-00C04F79EFBC}") = "EventAssociation.Core.Domain", "src\Core\Domain\EventAssociation.Core.Domain\EventAssociation.Core.Domain.csproj", "{891D7AC0-DC12-47E2-93AF-45FB764F2255}"
EndProject
Global
	GlobalSection(SolutionConfigurationPlatforms) = preSolution
		Debug|Any CPU = Debug|Any CPU
		Release|Any CPU = Release|Any CPU
	EndGlobalSection
	GlobalSection(NestedProjects) = preSolution
		{3E7D4C64-2778-4821-A8A2-2FCCB2FAD57F} = {C4AE4E51-0927-4726-808E-EEE3F1C47845}
		{9B78E032-6AFD-41CB-8BCA-32894E184303} = {3E7D4C64-2778-4821-A8A2-2FCCB2FAD57F}
		{06703580-EC31-4E71-B05E-78BA9B7A63A8} = {9B78E032-6AFD-41CB-8BCA-32894E184303}
		{9E95D440-87B8-46FA-8544-4C6362AE8C4A} = {9B78E032-6AFD-41CB-8BCA-32894E184303}
		{1295B8D3-6805-4A60-B935-EC6117068E77} = {328F2B5E-C910-4563-AAFA-69FFD24774E6}
		{1833BC9B-89DB-48F4-A775-5D7CCE7DD114} = {3E7D4C64-2778-4821-A8A2-2FCCB2FAD57F}
		{891D7AC0-DC12-47E2-93AF-45FB764F2255} = {1833BC9B-89DB-48F4-A775-5D7CCE7DD114}
	EndGlobalSection
	GlobalSection(ProjectConfigurationPlatforms) = postSolution
		{06703580-EC31-4E71-B05E-78BA9B7A63A8}.Debug|Any CPU.ActiveCfg = Debug|Any CPU
		{06703580-EC31-4E71-B05E-78BA9B7A63A8}.Debug|Any CPU.Build.0 = Debug|Any CPU
		{06703580-EC31-4E71-B05E-78BA9B7A63A8}.Release|Any CPU.ActiveCfg = Release|Any CPU
		{06703580-EC31-4E71-B05E-78BA9B7A63A8}.Release|Any CPU.Build.0 = Release|Any CPU
		{9E95D440-87B8-46FA-8544-4C6362AE8C4A}.Debug|Any CPU.ActiveCfg = Debug|Any CPU
		{9E95D440-87B8-46FA-8544-4C6362AE8C4A}.Debug|Any CPU.Build.0 = Debug|Any CPU
		{9E95D440-87B8-46FA-8544-4C6362AE8C4A}.Release|Any CPU.ActiveCfg = Release|Any CPU
		{9E95D440-87B8-46FA-8544-4C6362AE8C4A}.Release|Any CPU.Build.0 = Release|Any CPU
		{1295B8D3-6805-4A60-B935-EC6117068E77}.Debug|Any CPU.ActiveCfg = Debug|Any CPU
		{1295B8D3-6805-4A60-B935-EC6117068E77}.Debug|Any CPU.Build.0 = Debug|Any CPU
		{1295B8D3-6805-4A60-B935-EC6117068E77}.Release|Any CPU.ActiveCfg = Release|Any CPU
		{1295B8D3-6805-4A60-B935-EC6117068E77}.Release|Any CPU.Build.0 = Release|Any CPU
		{891D7AC0-DC12-47E2-93AF-45FB764F2255}.Debug|Any CPU.ActiveCfg = Debug|Any CPU
		{891D7AC0-DC12-47E2-93AF-45FB764F2255}.Debug|Any CPU.Build.0 = Debug|Any CPU
		{891D7AC0-DC12-47E2-93AF-45FB764F2255}.Release|Any CPU.ActiveCfg = Release|Any CPU
		{891D7AC0-DC12-47E2-93AF-45FB764F2255}.Release|Any CPU.Build.0 = Release|Any CPU
	EndGlobalSection
EndGlobal
