
Microsoft Visual Studio Solution File, Format Version 12.00
Project("{2150E333-8FDC-42A3-9474-1A3956D46DE8}") = "Documentation", "Documentation", "{B596CD58-1D05-4689-BDF2-0AAEB7DD7131}"
	ProjectSection(SolutionItems) = preProject
		Doumentation\abstract-domain-model.svg = Doumentation\abstract-domain-model.svg
		Doumentation\GroupMembers.md = Doumentation\GroupMembers.md
	EndProjectSection
EndProject
Global
	GlobalSection(SolutionConfigurationPlatforms) = preSolution
		Debug|Any CPU = Debug|Any CPU
		Release|Any CPU = Release|Any CPU
	EndGlobalSection
	GlobalSection(NestedProjects) = preSolution
	EndGlobalSection
EndGlobal
