
Microsoft Visual Studio Solution File, Format Version 12.00
Project("{2150E333-8FDC-42A3-9474-1A3956D46DE8}") = "Documentation", "Documentation", "{B596CD58-1D05-4689-BDF2-0AAEB7DD7131}"
	ProjectSection(SolutionItems) = preProject
		Doumentation\abstract-domain-model.svg = Doumentation\abstract-domain-model.svg
		Doumentation\GroupMembers.md = Doumentation\GroupMembers.md
	EndProjectSection
EndProject
Project("{2150E333-8FDC-42A3-9474-1A3956D46DE8}") = "src", "src", "{C4AE4E51-0927-4726-808E-EEE3F1C47845}"
EndProject
Project("{2150E333-8FDC-42A3-9474-1A3956D46DE8}") = "Core", "Core", "{3E7D4C64-2778-4821-A8A2-2FCCB2FAD57F}"
EndProject
Project("{2150E333-8FDC-42A3-9474-1A3956D46DE8}") = "Tools", "Tools", "{9B78E032-6AFD-41CB-8BCA-32894E184303}"
EndProject
Project("{FAE04EC0-301F-11D3-BF4B-00C04F79EFBC}") = "EventAssociation.Core.Tools.OperationResult", "src\Core\Tools\EventAssociation.Core.Tools.OperationResult\EventAssociation.Core.Tools.OperationResult.csproj", "{06703580-EC31-4E71-B05E-78BA9B7A63A8}"
EndProject
Project("{FAE04EC0-301F-11D3-BF4B-00C04F79EFBC}") = "ConsoleApp1", "ConsoleApp1\ConsoleApp1.csproj", "{9E95D440-87B8-46FA-8544-4C6362AE8C4A}"
EndProject
Project("{2150E333-8FDC-42A3-9474-1A3956D46DE8}") = "Tests", "Tests", "{328F2B5E-C910-4563-AAFA-69FFD24774E6}"
EndProject
Project("{FAE04EC0-301F-11D3-BF4B-00C04F79EFBC}") = "UnitTests", "Tests\UnitTests\UnitTests.csproj", "{1295B8D3-6805-4A60-B935-EC6117068E77}"
EndProject
Project("{2150E333-8FDC-42A3-9474-1A3956D46DE8}") = "Domain", "Domain", "{1833BC9B-89DB-48F4-A775-5D7CCE7DD114}"
EndProject
Project("{FAE04EC0-301F-11D3-BF4B-00C04F79EFBC}") = "EventAssociation.Core.Domain", "src\Core\Domain\EventAssociation.Core.Domain\EventAssociation.Core.Domain.csproj", "{891D7AC0-DC12-47E2-93AF-45FB764F2255}"
EndProject
Project("{2150E333-8FDC-42A3-9474-1A3956D46DE8}") = "Application", "Application", "{B2E4D60E-3A89-4DF3-B599-5636048EBDA2}"
EndProject
Project("{FAE04EC0-301F-11D3-BF4B-00C04F79EFBC}") = "EventAssociation.Core.Application", "src\Core\EventAssociation.Core.Application\EventAssociation.Core.Application.csproj", "{80F417C1-E848-4867-8F4A-A31A7D46FC85}"
EndProject
Project("{2150E333-8FDC-42A3-9474-1A3956D46DE8}") = "Infrastructure", "Infrastructure", "{0B6CE188-688A-4964-9B05-DF9460A0D71F}"
EndProject
Project("{FAE04EC0-301F-11D3-BF4B-00C04F79EFBC}") = "EventAssociation.Infrastructure.SqliteDmPersistence", "src\Infrastructure\EventAssociation.Infrastructure.SqliteDmPersistence\EventAssociation.Infrastructure.SqliteDmPersistence.csproj", "{56DD8930-59F1-4C10-82CB-F0FDF19D4798}"
EndProject
Project("{FAE04EC0-301F-11D3-BF4B-00C04F79EFBC}") = "IntegrationTests", "Tests\IntegrationTests\IntegrationTests\IntegrationTests.csproj", "{8B2A88ED-F140-4BE3-9F41-DB47E4F7BF13}"
EndProject
Project("{FAE04EC0-301F-11D3-BF4B-00C04F79EFBC}") = "EventAssociation.Infrastructure.EfcQueries", "src\Infrastructure\EventAssociation.Infrastructure.EfcQueries\EventAssociation.Infrastructure.EfcQueries.csproj", "{2879C600-F6B9-464F-A98C-2C485F43B6D9}"
EndProject
Project("{2150E333-8FDC-42A3-9474-1A3956D46DE8}") = "QueryContracts", "QueryContracts", "{95BA010E-7406-46FE-9068-2687AF163AE0}"
EndProject
Project("{FAE04EC0-301F-11D3-BF4B-00C04F79EFBC}") = "EventAssociation.Core.QueryContracts", "src\Core\QueryContracts\EventAssociation.Core.QueryContracts\EventAssociation.Core.QueryContracts.csproj", "{3B268E41-4533-4CA9-BEF1-B129C4955AD0}"
EndProject
Project("{2150E333-8FDC-42A3-9474-1A3956D46DE8}") = "Mocks", "Mocks", "{97802A77-9810-45B1-8193-6CA36F3B1803}"
	ProjectSection(SolutionItems) = preProject
		Tests\Mocks\Events.json = Tests\Mocks\Events.json
		Tests\Mocks\Invitations.json = Tests\Mocks\Invitations.json
		Tests\Mocks\JoinRequests.json = Tests\Mocks\JoinRequests.json
		Tests\Mocks\Locations.json = Tests\Mocks\Locations.json
		Tests\Mocks\Participations.json = Tests\Mocks\Participations.json
	EndProjectSection
EndProject
Project("{2150E333-8FDC-42A3-9474-1A3956D46DE8}") = "Presentation", "Presentation", "{B9DFDA1F-ECCF-4F49-9886-1A7E1964C34E}"
EndProject
Project("{FAE04EC0-301F-11D3-BF4B-00C04F79EFBC}") = "EventAssociation.Presentation.WebAPI", "src\Presentation\EventAssociation.Presentation.WebAPI\EventAssociation.Presentation.WebAPI.csproj", "{99E2A4FF-5AED-42F6-A462-E6B5C914A65B}"
EndProject
Project("{FAE04EC0-301F-11D3-BF4B-00C04F79EFBC}") = "EventAssociation.Core.Tools.ObjectMapper", "src\Core\Tools\EventAssociation.Core.Tools.ObjectMapper\EventAssociation.Core.Tools.ObjectMapper.csproj", "{002DC075-17A9-4AF9-AB1C-703644157887}"
EndProject
Global
	GlobalSection(SolutionConfigurationPlatforms) = preSolution
		Debug|Any CPU = Debug|Any CPU
		Release|Any CPU = Release|Any CPU
	EndGlobalSection
	GlobalSection(NestedProjects) = preSolution
		{3E7D4C64-2778-4821-A8A2-2FCCB2FAD57F} = {C4AE4E51-0927-4726-808E-EEE3F1C47845}
		{9B78E032-6AFD-41CB-8BCA-32894E184303} = {3E7D4C64-2778-4821-A8A2-2FCCB2FAD57F}
		{06703580-EC31-4E71-B05E-78BA9B7A63A8} = {9B78E032-6AFD-41CB-8BCA-32894E184303}
		{9E95D440-87B8-46FA-8544-4C6362AE8C4A} = {9B78E032-6AFD-41CB-8BCA-32894E184303}
		{1295B8D3-6805-4A60-B935-EC6117068E77} = {328F2B5E-C910-4563-AAFA-69FFD24774E6}
		{1833BC9B-89DB-48F4-A775-5D7CCE7DD114} = {3E7D4C64-2778-4821-A8A2-2FCCB2FAD57F}
		{891D7AC0-DC12-47E2-93AF-45FB764F2255} = {1833BC9B-89DB-48F4-A775-5D7CCE7DD114}
		{B2E4D60E-3A89-4DF3-B599-5636048EBDA2} = {3E7D4C64-2778-4821-A8A2-2FCCB2FAD57F}
		{80F417C1-E848-4867-8F4A-A31A7D46FC85} = {B2E4D60E-3A89-4DF3-B599-5636048EBDA2}
		{0B6CE188-688A-4964-9B05-DF9460A0D71F} = {C4AE4E51-0927-4726-808E-EEE3F1C47845}
		{56DD8930-59F1-4C10-82CB-F0FDF19D4798} = {0B6CE188-688A-4964-9B05-DF9460A0D71F}
		{8B2A88ED-F140-4BE3-9F41-DB47E4F7BF13} = {328F2B5E-C910-4563-AAFA-69FFD24774E6}
		{2879C600-F6B9-464F-A98C-2C485F43B6D9} = {0B6CE188-688A-4964-9B05-DF9460A0D71F}
		{95BA010E-7406-46FE-9068-2687AF163AE0} = {3E7D4C64-2778-4821-A8A2-2FCCB2FAD57F}
		{3B268E41-4533-4CA9-BEF1-B129C4955AD0} = {95BA010E-7406-46FE-9068-2687AF163AE0}
		{97802A77-9810-45B1-8193-6CA36F3B1803} = {328F2B5E-C910-4563-AAFA-69FFD24774E6}
		{B9DFDA1F-ECCF-4F49-9886-1A7E1964C34E} = {C4AE4E51-0927-4726-808E-EEE3F1C47845}
		{99E2A4FF-5AED-42F6-A462-E6B5C914A65B} = {B9DFDA1F-ECCF-4F49-9886-1A7E1964C34E}
		{002DC075-17A9-4AF9-AB1C-703644157887} = {9B78E032-6AFD-41CB-8BCA-32894E184303}
	EndGlobalSection
	GlobalSection(ProjectConfigurationPlatforms) = postSolution
		{06703580-EC31-4E71-B05E-78BA9B7A63A8}.Debug|Any CPU.ActiveCfg = Debug|Any CPU
		{06703580-EC31-4E71-B05E-78BA9B7A63A8}.Debug|Any CPU.Build.0 = Debug|Any CPU
		{06703580-EC31-4E71-B05E-78BA9B7A63A8}.Release|Any CPU.ActiveCfg = Release|Any CPU
		{06703580-EC31-4E71-B05E-78BA9B7A63A8}.Release|Any CPU.Build.0 = Release|Any CPU
		{9E95D440-87B8-46FA-8544-4C6362AE8C4A}.Debug|Any CPU.ActiveCfg = Debug|Any CPU
		{9E95D440-87B8-46FA-8544-4C6362AE8C4A}.Debug|Any CPU.Build.0 = Debug|Any CPU
		{9E95D440-87B8-46FA-8544-4C6362AE8C4A}.Release|Any CPU.ActiveCfg = Release|Any CPU
		{9E95D440-87B8-46FA-8544-4C6362AE8C4A}.Release|Any CPU.Build.0 = Release|Any CPU
		{1295B8D3-6805-4A60-B935-EC6117068E77}.Debug|Any CPU.ActiveCfg = Debug|Any CPU
		{1295B8D3-6805-4A60-B935-EC6117068E77}.Debug|Any CPU.Build.0 = Debug|Any CPU
		{1295B8D3-6805-4A60-B935-EC6117068E77}.Release|Any CPU.ActiveCfg = Release|Any CPU
		{1295B8D3-6805-4A60-B935-EC6117068E77}.Release|Any CPU.Build.0 = Release|Any CPU
		{891D7AC0-DC12-47E2-93AF-45FB764F2255}.Debug|Any CPU.ActiveCfg = Debug|Any CPU
		{891D7AC0-DC12-47E2-93AF-45FB764F2255}.Debug|Any CPU.Build.0 = Debug|Any CPU
		{891D7AC0-DC12-47E2-93AF-45FB764F2255}.Release|Any CPU.ActiveCfg = Release|Any CPU
		{891D7AC0-DC12-47E2-93AF-45FB764F2255}.Release|Any CPU.Build.0 = Release|Any CPU
		{80F417C1-E848-4867-8F4A-A31A7D46FC85}.Debug|Any CPU.ActiveCfg = Debug|Any CPU
		{80F417C1-E848-4867-8F4A-A31A7D46FC85}.Debug|Any CPU.Build.0 = Debug|Any CPU
		{80F417C1-E848-4867-8F4A-A31A7D46FC85}.Release|Any CPU.ActiveCfg = Release|Any CPU
		{80F417C1-E848-4867-8F4A-A31A7D46FC85}.Release|Any CPU.Build.0 = Release|Any CPU
		{56DD8930-59F1-4C10-82CB-F0FDF19D4798}.Debug|Any CPU.ActiveCfg = Debug|Any CPU
		{56DD8930-59F1-4C10-82CB-F0FDF19D4798}.Debug|Any CPU.Build.0 = Debug|Any CPU
		{56DD8930-59F1-4C10-82CB-F0FDF19D4798}.Release|Any CPU.ActiveCfg = Release|Any CPU
		{56DD8930-59F1-4C10-82CB-F0FDF19D4798}.Release|Any CPU.Build.0 = Release|Any CPU
		{8B2A88ED-F140-4BE3-9F41-DB47E4F7BF13}.Debug|Any CPU.ActiveCfg = Debug|Any CPU
		{8B2A88ED-F140-4BE3-9F41-DB47E4F7BF13}.Debug|Any CPU.Build.0 = Debug|Any CPU
		{8B2A88ED-F140-4BE3-9F41-DB47E4F7BF13}.Release|Any CPU.ActiveCfg = Release|Any CPU
		{8B2A88ED-F140-4BE3-9F41-DB47E4F7BF13}.Release|Any CPU.Build.0 = Release|Any CPU
		{2879C600-F6B9-464F-A98C-2C485F43B6D9}.Debug|Any CPU.ActiveCfg = Debug|Any CPU
		{2879C600-F6B9-464F-A98C-2C485F43B6D9}.Debug|Any CPU.Build.0 = Debug|Any CPU
		{2879C600-F6B9-464F-A98C-2C485F43B6D9}.Release|Any CPU.ActiveCfg = Release|Any CPU
		{2879C600-F6B9-464F-A98C-2C485F43B6D9}.Release|Any CPU.Build.0 = Release|Any CPU
		{3B268E41-4533-4CA9-BEF1-B129C4955AD0}.Debug|Any CPU.ActiveCfg = Debug|Any CPU
		{3B268E41-4533-4CA9-BEF1-B129C4955AD0}.Debug|Any CPU.Build.0 = Debug|Any CPU
		{3B268E41-4533-4CA9-BEF1-B129C4955AD0}.Release|Any CPU.ActiveCfg = Release|Any CPU
		{3B268E41-4533-4CA9-BEF1-B129C4955AD0}.Release|Any CPU.Build.0 = Release|Any CPU
		{99E2A4FF-5AED-42F6-A462-E6B5C914A65B}.Debug|Any CPU.ActiveCfg = Debug|Any CPU
		{99E2A4FF-5AED-42F6-A462-E6B5C914A65B}.Debug|Any CPU.Build.0 = Debug|Any CPU
		{99E2A4FF-5AED-42F6-A462-E6B5C914A65B}.Release|Any CPU.ActiveCfg = Release|Any CPU
		{99E2A4FF-5AED-42F6-A462-E6B5C914A65B}.Release|Any CPU.Build.0 = Release|Any CPU
		{002DC075-17A9-4AF9-AB1C-703644157887}.Debug|Any CPU.ActiveCfg = Debug|Any CPU
		{002DC075-17A9-4AF9-AB1C-703644157887}.Debug|Any CPU.Build.0 = Debug|Any CPU
		{002DC075-17A9-4AF9-AB1C-703644157887}.Release|Any CPU.ActiveCfg = Release|Any CPU
		{002DC075-17A9-4AF9-AB1C-703644157887}.Release|Any CPU.Build.0 = Release|Any CPU
	EndGlobalSection
EndGlobal
